{
    "_readme": [
        "This file locks the dependencies of your project to a known state",
        "Read more about it at https://getcomposer.org/doc/01-basic-usage.md#installing-dependencies",
        "This file is @generated automatically"
    ],
    "content-hash": "faa14685bbab1ecfb2b20de986f2c3d7",
    "packages": [
        {
            "name": "atlas/pdo",
            "version": "1.1.2",
            "source": {
                "type": "git",
                "url": "https://github.com/atlasphp/Atlas.Pdo.git",
                "reference": "69b7c968b6c685043d215c1ddbe48e526a73ca80"
            },
            "dist": {
                "type": "zip",
                "url": "https://api.github.com/repos/atlasphp/Atlas.Pdo/zipball/69b7c968b6c685043d215c1ddbe48e526a73ca80",
                "reference": "69b7c968b6c685043d215c1ddbe48e526a73ca80",
                "shasum": ""
            },
            "require": {
                "php": ">=7.1"
            },
            "require-dev": {
                "pds/skeleton": "~1.0",
                "phpunit/phpunit": "~7.0"
            },
            "type": "library",
            "autoload": {
                "psr-4": {
                    "Atlas\\Pdo\\": "src/"
                }
            },
            "notification-url": "https://packagist.org/downloads/",
            "license": [
                "MIT"
            ],
            "authors": [
                {
                    "name": "Atlas.Pdo Contributors",
                    "homepage": "https://github.com/atlasphp/Atlas.Pdo/contributors"
                }
            ],
            "description": "Provides a PDO instance decorator with convenience methods, and a connection manager.",
            "homepage": "https://github.com/atlasphp/Atlas.Pdo",
            "keywords": [
                "Connection",
                "database",
                "pdo",
                "sql"
            ],
            "time": "2019-12-23T15:09:02+00:00"
        },
        {
            "name": "atlas/query",
            "version": "1.3.0",
            "source": {
                "type": "git",
                "url": "https://github.com/atlasphp/Atlas.Query.git",
                "reference": "a52a643b257d9d94b153df3cb2c4253f9c31cdca"
            },
            "dist": {
                "type": "zip",
                "url": "https://api.github.com/repos/atlasphp/Atlas.Query/zipball/a52a643b257d9d94b153df3cb2c4253f9c31cdca",
                "reference": "a52a643b257d9d94b153df3cb2c4253f9c31cdca",
                "shasum": ""
            },
            "require": {
                "atlas/pdo": "~1.0",
                "php": ">=7.1"
            },
            "require-dev": {
                "pds/skeleton": "~1.0",
                "phpunit/phpunit": "~7.0"
            },
            "type": "library",
            "autoload": {
                "psr-4": {
                    "Atlas\\Query\\": "src/"
                }
            },
            "notification-url": "https://packagist.org/downloads/",
            "license": [
                "MIT"
            ],
            "authors": [
                {
                    "name": "Atlas.Query Contributors",
                    "homepage": "https://github.com/atlasphp/Atlas.Query/contributors"
                }
            ],
            "description": "Object-oriented query builders for MySQL, Postgres, SQLite, and SQLServer.",
            "homepage": "https://github.com/atlasphp/Atlas.Query",
            "keywords": [
                "database",
                "db",
                "delete",
                "dml",
                "insert",
                "mysql",
                "pdo",
                "pgsql",
                "postgres",
                "postgresql",
                "query",
                "select",
                "sql",
                "sql server",
                "sqlite",
                "sqlserver",
                "update"
            ],
            "time": "2019-12-13T18:01:15+00:00"
        },
        {
            "name": "psr/event-dispatcher",
            "version": "1.0.0",
            "source": {
                "type": "git",
                "url": "https://github.com/php-fig/event-dispatcher.git",
                "reference": "dbefd12671e8a14ec7f180cab83036ed26714bb0"
            },
            "dist": {
                "type": "zip",
                "url": "https://api.github.com/repos/php-fig/event-dispatcher/zipball/dbefd12671e8a14ec7f180cab83036ed26714bb0",
                "reference": "dbefd12671e8a14ec7f180cab83036ed26714bb0",
                "shasum": ""
            },
            "require": {
                "php": ">=7.2.0"
            },
            "type": "library",
            "extra": {
                "branch-alias": {
                    "dev-master": "1.0.x-dev"
                }
            },
            "autoload": {
                "psr-4": {
                    "Psr\\EventDispatcher\\": "src/"
                }
            },
            "notification-url": "https://packagist.org/downloads/",
            "license": [
                "MIT"
            ],
            "authors": [
                {
                    "name": "PHP-FIG",
                    "homepage": "http://www.php-fig.org/"
                }
            ],
            "description": "Standard interfaces for event handling.",
            "keywords": [
                "events",
                "psr",
                "psr-14"
            ],
            "time": "2019-01-08T18:20:26+00:00"
        },
        {
            "name": "radyakaze/phptelebot",
            "version": "v1.3",
            "source": {
                "type": "git",
                "url": "https://github.com/radyakaze/phptelebot.git",
                "reference": "37b5553af02bc04a4fdf9eefec2e61e52e9e5a1d"
            },
            "dist": {
                "type": "zip",
                "url": "https://api.github.com/repos/radyakaze/phptelebot/zipball/37b5553af02bc04a4fdf9eefec2e61e52e9e5a1d",
                "reference": "37b5553af02bc04a4fdf9eefec2e61e52e9e5a1d",
                "shasum": ""
            },
            "require": {
                "ext-curl": "*",
                "php": ">=5.4"
            },
            "type": "framework",
            "autoload": {
                "files": [
                    "src/PHPTelebot.php"
                ]
            },
            "notification-url": "https://packagist.org/downloads/",
            "license": [
                "GPL-3.0"
            ],
            "authors": [
                {
                    "name": "Radya",
                    "email": "radya@gmx.com"
                }
            ],
            "description": "Telegram bot framework written in PHP.",
            "keywords": [
                "bot",
                "telegram"
            ],
            "time": "2016-11-29T03:50:53+00:00"
        },
        {
            "name": "simple-crud/simple-crud",
            "version": "v7.4.0",
            "source": {
                "type": "git",
                "url": "https://github.com/oscarotero/simple-crud.git",
                "reference": "71c0c13394a7d0f1ce4a61fc897b6e418da76aa4"
            },
            "dist": {
                "type": "zip",
                "url": "https://api.github.com/repos/oscarotero/simple-crud/zipball/71c0c13394a7d0f1ce4a61fc897b6e418da76aa4",
                "reference": "71c0c13394a7d0f1ce4a61fc897b6e418da76aa4",
                "shasum": ""
            },
            "require": {
                "atlas/pdo": "^1.1",
                "atlas/query": "^1.2",
                "php": ">=7.2",
                "psr/event-dispatcher": "^1.0"
            },
            "require-dev": {
                "friendsofphp/php-cs-fixer": "^2.11",
                "oscarotero/php-cs-fixer-config": "^1.0",
                "phpunit/phpunit": "^8.0"
            },
            "type": "library",
            "autoload": {
                "psr-4": {
                    "SimpleCrud\\": "src"
                }
            },
            "notification-url": "https://packagist.org/downloads/",
            "license": [
                "MIT"
            ],
            "authors": [
                {
                    "name": "Oscar Otero",
                    "email": "oom@oscarotero.com",
                    "homepage": "http://oscarotero.com",
                    "role": "Developer"
                }
            ],
            "description": "Create/Read/Update/Delete easily",
            "homepage": "https://github.com/oscarotero/simple-crud",
            "keywords": [
                "crud",
                "mysql",
                "sqlite"
            ],
            "time": "2020-01-10T17:08:55+00:00"
        }
    ],
    "packages-dev": [],
    "aliases": [],
    "minimum-stability": "stable",
    "stability-flags": [],
    "prefer-stable": false,
    "prefer-lowest": false,
    "platform": [],
    "platform-dev": []
}
